
Microsoft Visual Studio Solution File, Format Version 12.00
# Visual Studio Version 16
VisualStudioVersion = 16.0.31005.135
MinimumVisualStudioVersion = 10.0.40219.1
Project("{9A19103F-16F7-4668-BE54-9A1E7A4F7556}") = "BookListMVC", "BookListMVC\BookListMVC.csproj", "{FAC6E3B7-78ED-4E93-A003-13A2B22EDAAF}"
EndProject
Global
	GlobalSection(SolutionConfigurationPlatforms) = preSolution
		Debug|Any CPU = Debug|Any CPU
		Release|Any CPU = Release|Any CPU
	EndGlobalSection
	GlobalSection(ProjectConfigurationPlatforms) = postSolution
		{FAC6E3B7-78ED-4E93-A003-13A2B22EDAAF}.Debug|Any CPU.ActiveCfg = Debug|Any CPU
		{FAC6E3B7-78ED-4E93-A003-13A2B22EDAAF}.Debug|Any CPU.Build.0 = Debug|Any CPU
		{FAC6E3B7-78ED-4E93-A003-13A2B22EDAAF}.Release|Any CPU.ActiveCfg = Release|Any CPU
		{FAC6E3B7-78ED-4E93-A003-13A2B22EDAAF}.Release|Any CPU.Build.0 = Release|Any CPU
	EndGlobalSection
	GlobalSection(SolutionProperties) = preSolution
		HideSolutionNode = FALSE
	EndGlobalSection
	GlobalSection(ExtensibilityGlobals) = postSolution
		SolutionGuid = {854328AE-6474-456D-BD90-F2A3B31A3501}
	EndGlobalSection
	GlobalSection(TeamFoundationVersionControl) = preSolution
		SccNumberOfProjects = 1
		SccEnterpriseProvider = {4CA58AB2-18FA-4F8D-95D4-32DDF27D184C}
		SccTeamFoundationServer = https://dev.azure.com/eriveltonsilva106
		SccProjectUniqueName0 = BookListMVC\\BookListMVC.csproj
		SccProjectName0 = BookListMVC
		SccAuxPath0 = https://dev.azure.com/eriveltonsilva106
		SccLocalPath0 = BookListMVC
		SccProvider0 = {4CA58AB2-18FA-4F8D-95D4-32DDF27D184C}
	EndGlobalSection
EndGlobal
